{
  "name": "@swimlane/ngx-ui",
  "version": "41.0.0",
  "lockfileVersion": 2,
  "requires": true,
  "packages": {
    "": {
      "name": "@swimlane/ngx-ui",
      "version": "41.0.0",
      "license": "MIT",
      "dependencies": {
        "@swimlane/ng2-file-upload": "1.1.0",
        "mousetrap": "^1.6.2",
        "normalize.css": "^5.0.0",
        "tslib": "^2.3.1"
      },
      "devDependencies": {
        "@angular/animations": ">=12.2.2",
        "@angular/cdk": ">=12.2.2",
        "@angular/common": ">=12.2.4",
        "@angular/compiler": ">=12.2.2",
        "@angular/core": ">=12.2.6",
        "@angular/forms": ">=12.2.2",
        "@angular/platform-browser": ">=12.2.2",
        "@angular/platform-browser-dynamic": ">=12.2.6",
        "@types/faker": "^4.1.11",
        "codemirror": "^5.63.0",
        "core-js": "^3.17.3",
        "faker": "^5.5.3",
        "moment": "^2.29.1",
        "ngx-moment": "^5.0.0",
        "resize-observer-polyfill": "^1.5.1",
        "rxjs": "^6.6.7",
        "zone.js": "^0.11.4"
      },
      "engines": {
        "node": ">=12.0.0"
      },
      "peerDependencies": {
        "@angular/animations": ">=12.2.2",
        "@angular/cdk": ">=12.2.2",
        "@angular/common": ">=12.2.4",
        "@angular/core": ">=12.2.6",
        "@angular/forms": ">=12.2.2",
        "@angular/platform-browser": ">=12.2.2",
        "@types/json-schema": "^7.0.9",
        "ajv": "^6.12.6",
        "codemirror": "5.63.0",
        "core-js": "^3.17.3",
        "json-schema": "*",
        "moment": "^2.29.1",
        "moment-timezone": "^0.5.33",
        "ng-in-viewport": "^6.1.5",
        "ngx-autosize-input": "^2.3.7",
        "rxjs": "^6.6.7",
        "zone.js": "^0.11.4"
      }
    },
    "node_modules/@angular/animations": {
      "version": "13.3.8",
      "resolved": "https://registry.npmjs.org/@angular/animations/-/animations-13.3.8.tgz",
      "integrity": "sha512-zHQPFy2iW8Eqqm4vDTcri89zBg3UbSlOzREaUk1j6+ulFcNK50vmzqkUvcW/hy8x31+6VXkNvNDn2+Q2BWBxzA==",
      "dev": true,
      "dependencies": {
        "tslib": "^2.3.0"
      },
      "engines": {
        "node": "^12.20.0 || ^14.15.0 || >=16.10.0"
      },
      "peerDependencies": {
        "@angular/core": "13.3.8"
      }
    },
    "node_modules/@angular/cdk": {
      "version": "13.3.7",
      "resolved": "https://registry.npmjs.org/@angular/cdk/-/cdk-13.3.7.tgz",
      "integrity": "sha512-HtGqlrt4+ikbpzooF0LT/uMW6fgRJxLRUoOwkTY1oHhfNXhQaE2p8XEUH2qshl28aCIF8r8zrb6jpd4VqC+tyg==",
      "dev": true,
      "dependencies": {
        "tslib": "^2.3.0"
      },
      "optionalDependencies": {
        "parse5": "^5.0.0"
      },
      "peerDependencies": {
        "@angular/common": "^13.0.0 || ^14.0.0-0",
        "@angular/core": "^13.0.0 || ^14.0.0-0",
        "rxjs": "^6.5.3 || ^7.4.0"
      }
    },
    "node_modules/@angular/common": {
      "version": "13.3.8",
      "resolved": "https://registry.npmjs.org/@angular/common/-/common-13.3.8.tgz",
      "integrity": "sha512-8GYa11PYC7Vj/bkNmzDqmpUyszAaJ565isKRDEQGcKWOB6k5OjnLT+nvMrKap7f347K2z+2qf+pXkgY8xXiDNA==",
      "dev": true,
      "dependencies": {
        "tslib": "^2.3.0"
      },
      "engines": {
        "node": "^12.20.0 || ^14.15.0 || >=16.10.0"
      },
      "peerDependencies": {
        "@angular/core": "13.3.8",
        "rxjs": "^6.5.3 || ^7.4.0"
      }
    },
    "node_modules/@angular/compiler": {
      "version": "13.3.8",
      "resolved": "https://registry.npmjs.org/@angular/compiler/-/compiler-13.3.8.tgz",
      "integrity": "sha512-9g6prh4q6jbROskV+ZKDs0+gsllu8A3wYme/b54MHRc8Xdz9IeWAqwYFqUwuu2PZneR1ba0HmFtptTuzKnWGSQ==",
      "dev": true,
      "dependencies": {
        "tslib": "^2.3.0"
      },
      "engines": {
        "node": "^12.20.0 || ^14.15.0 || >=16.10.0"
      }
    },
    "node_modules/@angular/core": {
      "version": "13.3.8",
      "resolved": "https://registry.npmjs.org/@angular/core/-/core-13.3.8.tgz",
      "integrity": "sha512-FGQ+fvTm0QnNBKBamTJSzfBnxn+/gVBHT+2gpQtpax4LFP/6Z05N3AsJ2ZwM9mJwT4MH1HsEVJcXZCy7xXUXhg==",
      "dev": true,
      "dependencies": {
        "tslib": "^2.3.0"
      },
      "engines": {
        "node": "^12.20.0 || ^14.15.0 || >=16.10.0"
      },
      "peerDependencies": {
        "rxjs": "^6.5.3 || ^7.4.0",
        "zone.js": "~0.11.4"
      }
    },
    "node_modules/@angular/forms": {
      "version": "13.3.8",
      "resolved": "https://registry.npmjs.org/@angular/forms/-/forms-13.3.8.tgz",
      "integrity": "sha512-XG1uHUr7LfFKsE7cHfhOBj7f3xmuHWndBrHyqqNShpZBng35wiSktIWKHFL13IHeT+5J8WntR7/HpKwzKV84Vw==",
      "dev": true,
      "dependencies": {
        "tslib": "^2.3.0"
      },
      "engines": {
        "node": "^12.20.0 || ^14.15.0 || >=16.10.0"
      },
      "peerDependencies": {
        "@angular/common": "13.3.8",
        "@angular/core": "13.3.8",
        "@angular/platform-browser": "13.3.8",
        "rxjs": "^6.5.3 || ^7.4.0"
      }
    },
    "node_modules/@angular/platform-browser": {
      "version": "13.3.8",
      "resolved": "https://registry.npmjs.org/@angular/platform-browser/-/platform-browser-13.3.8.tgz",
      "integrity": "sha512-QRkly2LL6aJJaO6Fw6VwuigtYxefukCJ9SS/jZI0rND94bUX9g4exHv87sQsN8LOUdFIVXXqXSY1Oy1eW0X+IQ==",
      "dev": true,
      "dependencies": {
        "tslib": "^2.3.0"
      },
      "engines": {
        "node": "^12.20.0 || ^14.15.0 || >=16.10.0"
      },
      "peerDependencies": {
        "@angular/animations": "13.3.8",
        "@angular/common": "13.3.8",
        "@angular/core": "13.3.8"
      },
      "peerDependenciesMeta": {
        "@angular/animations": {
          "optional": true
        }
      }
    },
    "node_modules/@angular/platform-browser-dynamic": {
      "version": "13.3.8",
      "resolved": "https://registry.npmjs.org/@angular/platform-browser-dynamic/-/platform-browser-dynamic-13.3.8.tgz",
      "integrity": "sha512-KWAfceZePkFZF9uePwIkoToM0LF4WPM/Ps1ijbeX0XaCFN7SFImoKfjiFEiRrRXjiCgKhPOJs69I0tTxiQA0VA==",
      "dev": true,
      "dependencies": {
        "tslib": "^2.3.0"
      },
      "engines": {
        "node": "^12.20.0 || ^14.15.0 || >=16.10.0"
      },
      "peerDependencies": {
        "@angular/common": "13.3.8",
        "@angular/compiler": "13.3.8",
        "@angular/core": "13.3.8",
        "@angular/platform-browser": "13.3.8"
      }
    },
    "node_modules/@swimlane/ng2-file-upload": {
      "version": "1.1.0",
      "resolved": "https://registry.npmjs.org/@swimlane/ng2-file-upload/-/ng2-file-upload-1.1.0.tgz",
      "integrity": "sha512-YjqMQJUZt82Eji07n/0peXIaUb+ameWCsvEUlJUAijG504HThqNPkVQF03qnA5GtPatWO0/D5APJIhIPIj/ESg==",
      "dependencies": {
        "tslib": "^2.0.0"
      },
      "peerDependencies": {
        "@angular/common": "^11.0.0",
        "@angular/core": "^11.0.0"
      }
    },
    "node_modules/@types/faker": {
      "version": "4.1.12",
      "resolved": "https://registry.npmjs.org/@types/faker/-/faker-4.1.12.tgz",
      "integrity": "sha512-0MEyzJrLLs1WaOCx9ULK6FzdCSj2EuxdSP9kvuxxdBEGujZYUOZ4vkPXdgu3dhyg/pOdn7VCatelYX7k0YShlA==",
      "dev": true
    },
    "node_modules/codemirror": {
      "version": "5.65.3",
      "resolved": "https://registry.npmjs.org/codemirror/-/codemirror-5.65.3.tgz",
      "integrity": "sha512-kCC0iwGZOVZXHEKW3NDTObvM7pTIyowjty4BUqeREROc/3I6bWbgZDA3fGDwlA+rbgRjvnRnfqs9SfXynel1AQ==",
      "dev": true
    },
    "node_modules/core-js": {
      "version": "3.22.5",
      "resolved": "https://registry.npmjs.org/core-js/-/core-js-3.22.5.tgz",
      "integrity": "sha512-VP/xYuvJ0MJWRAobcmQ8F2H6Bsn+s7zqAAjFaHGBMc5AQm7zaelhD1LGduFn2EehEcQcU+br6t+fwbpQ5d1ZWA==",
      "dev": true,
      "hasInstallScript": true,
      "funding": {
        "type": "opencollective",
        "url": "https://opencollective.com/core-js"
      }
    },
    "node_modules/faker": {
      "version": "5.5.3",
      "resolved": "https://registry.npmjs.org/faker/-/faker-5.5.3.tgz",
      "integrity": "sha512-wLTv2a28wjUyWkbnX7u/ABZBkUkIF2fCd73V6P2oFqEGEktDfzWx4UxrSqtPRw0xPRAcjeAOIiJWqZm3pP4u3g==",
      "dev": true
    },
    "node_modules/moment": {
      "version": "2.29.3",
      "resolved": "https://registry.npmjs.org/moment/-/moment-2.29.3.tgz",
      "integrity": "sha512-c6YRvhEo//6T2Jz/vVtYzqBzwvPT95JBQ+smCytzf7c50oMZRsR/a4w88aD34I+/QVSfnoAnSBFPJHItlOMJVw==",
      "dev": true,
      "engines": {
        "node": "*"
      }
    },
    "node_modules/mousetrap": {
      "version": "1.6.5",
      "resolved": "https://registry.npmjs.org/mousetrap/-/mousetrap-1.6.5.tgz",
      "integrity": "sha512-QNo4kEepaIBwiT8CDhP98umTetp+JNfQYBWvC1pc6/OAibuXtRcxZ58Qz8skvEHYvURne/7R8T5VoOI7rDsEUA=="
    },
    "node_modules/ngx-moment": {
      "version": "5.0.0",
      "resolved": "https://registry.npmjs.org/ngx-moment/-/ngx-moment-5.0.0.tgz",
      "integrity": "sha512-LPpGPo4ccdh8RWnDbJdLTLGGGcwbRYMbn/j4PXM24754J7MZ0tgnBM+ncaVbwefUSSEMme8yMkNIxFiVxgOOvQ==",
      "dev": true,
      "dependencies": {
        "tslib": "^2.0.0"
      },
      "peerDependencies": {
        "@angular/common": ">=7.0.0",
        "@angular/core": ">=7.0.0",
        "moment": "^2.19.3"
      }
    },
    "node_modules/normalize.css": {
      "version": "5.0.0",
      "resolved": "https://registry.npmjs.org/normalize.css/-/normalize.css-5.0.0.tgz",
      "integrity": "sha1-fOyHXOgXilMzxN6Ato6pwYudfDc="
    },
    "node_modules/parse5": {
      "version": "5.1.1",
      "resolved": "https://registry.npmjs.org/parse5/-/parse5-5.1.1.tgz",
      "integrity": "sha512-ugq4DFI0Ptb+WWjAdOK16+u/nHfiIrcE+sh8kZMaM0WllQKLI9rOUq6c2b7cwPkXdzfQESqvoqK6ug7U/Yyzug==",
      "dev": true,
      "optional": true
    },
    "node_modules/resize-observer-polyfill": {
      "version": "1.5.1",
      "resolved": "https://registry.npmjs.org/resize-observer-polyfill/-/resize-observer-polyfill-1.5.1.tgz",
      "integrity": "sha512-LwZrotdHOo12nQuZlHEmtuXdqGoOD0OhaxopaNFxWzInpEgaLWoVuAMbTzixuosCx2nEG58ngzW3vxdWoxIgdg==",
      "dev": true
    },
    "node_modules/rxjs": {
      "version": "6.6.7",
      "resolved": "https://registry.npmjs.org/rxjs/-/rxjs-6.6.7.tgz",
      "integrity": "sha512-hTdwr+7yYNIT5n4AMYp85KA6yw2Va0FLa3Rguvbpa4W3I5xynaBZo41cM3XM+4Q6fRMj3sBYIR1VAmZMXYJvRQ==",
      "dev": true,
      "dependencies": {
        "tslib": "^1.9.0"
      },
      "engines": {
        "npm": ">=2.0.0"
      }
    },
    "node_modules/rxjs/node_modules/tslib": {
      "version": "1.14.1",
      "resolved": "https://registry.npmjs.org/tslib/-/tslib-1.14.1.tgz",
      "integrity": "sha512-Xni35NKzjgMrwevysHTCArtLDpPvye8zV/0E4EyYn43P7/7qvQwPh9BGkHewbMulVntbigmcT7rdX3BNo9wRJg==",
      "dev": true
    },
    "node_modules/tslib": {
      "version": "2.4.0",
      "resolved": "https://registry.npmjs.org/tslib/-/tslib-2.4.0.tgz",
      "integrity": "sha512-d6xOpEDfsi2CZVlPQzGeux8XMwLT9hssAsaPYExaQMuYskwb+x1x7J371tWlbBdWHroy99KnVB6qIkUbs5X3UQ=="
    },
    "node_modules/zone.js": {
      "version": "0.11.5",
      "resolved": "https://registry.npmjs.org/zone.js/-/zone.js-0.11.5.tgz",
      "integrity": "sha512-D1/7VxEuQ7xk6z/kAROe4SUbd9CzxY4zOwVGnGHerd/SgLIVU5f4esDzQUsOCeArn933BZfWMKydH7l7dPEp0g==",
      "dev": true,
      "dependencies": {
        "tslib": "^2.3.0"
      }
    }
  },
  "dependencies": {
    "@angular/animations": {
      "version": "13.3.8",
      "resolved": "https://registry.npmjs.org/@angular/animations/-/animations-13.3.8.tgz",
      "integrity": "sha512-zHQPFy2iW8Eqqm4vDTcri89zBg3UbSlOzREaUk1j6+ulFcNK50vmzqkUvcW/hy8x31+6VXkNvNDn2+Q2BWBxzA==",
      "dev": true,
      "requires": {
        "tslib": "^2.3.0"
      }
    },
    "@angular/cdk": {
      "version": "13.3.7",
      "resolved": "https://registry.npmjs.org/@angular/cdk/-/cdk-13.3.7.tgz",
      "integrity": "sha512-HtGqlrt4+ikbpzooF0LT/uMW6fgRJxLRUoOwkTY1oHhfNXhQaE2p8XEUH2qshl28aCIF8r8zrb6jpd4VqC+tyg==",
      "dev": true,
      "requires": {
        "parse5": "^5.0.0",
        "tslib": "^2.3.0"
      }
    },
    "@angular/common": {
      "version": "13.3.8",
      "resolved": "https://registry.npmjs.org/@angular/common/-/common-13.3.8.tgz",
      "integrity": "sha512-8GYa11PYC7Vj/bkNmzDqmpUyszAaJ565isKRDEQGcKWOB6k5OjnLT+nvMrKap7f347K2z+2qf+pXkgY8xXiDNA==",
      "dev": true,
      "requires": {
        "tslib": "^2.3.0"
      }
    },
    "@angular/compiler": {
      "version": "13.3.8",
      "resolved": "https://registry.npmjs.org/@angular/compiler/-/compiler-13.3.8.tgz",
      "integrity": "sha512-9g6prh4q6jbROskV+ZKDs0+gsllu8A3wYme/b54MHRc8Xdz9IeWAqwYFqUwuu2PZneR1ba0HmFtptTuzKnWGSQ==",
      "dev": true,
      "requires": {
        "tslib": "^2.3.0"
      }
    },
    "@angular/core": {
      "version": "13.3.8",
      "resolved": "https://registry.npmjs.org/@angular/core/-/core-13.3.8.tgz",
      "integrity": "sha512-FGQ+fvTm0QnNBKBamTJSzfBnxn+/gVBHT+2gpQtpax4LFP/6Z05N3AsJ2ZwM9mJwT4MH1HsEVJcXZCy7xXUXhg==",
      "dev": true,
      "requires": {
        "tslib": "^2.3.0"
      }
    },
    "@angular/forms": {
      "version": "13.3.8",
      "resolved": "https://registry.npmjs.org/@angular/forms/-/forms-13.3.8.tgz",
      "integrity": "sha512-XG1uHUr7LfFKsE7cHfhOBj7f3xmuHWndBrHyqqNShpZBng35wiSktIWKHFL13IHeT+5J8WntR7/HpKwzKV84Vw==",
      "dev": true,
      "requires": {
        "tslib": "^2.3.0"
      }
    },
    "@angular/platform-browser": {
      "version": "13.3.8",
      "resolved": "https://registry.npmjs.org/@angular/platform-browser/-/platform-browser-13.3.8.tgz",
      "integrity": "sha512-QRkly2LL6aJJaO6Fw6VwuigtYxefukCJ9SS/jZI0rND94bUX9g4exHv87sQsN8LOUdFIVXXqXSY1Oy1eW0X+IQ==",
      "dev": true,
      "requires": {
        "tslib": "^2.3.0"
      }
    },
    "@angular/platform-browser-dynamic": {
      "version": "13.3.8",
      "resolved": "https://registry.npmjs.org/@angular/platform-browser-dynamic/-/platform-browser-dynamic-13.3.8.tgz",
      "integrity": "sha512-KWAfceZePkFZF9uePwIkoToM0LF4WPM/Ps1ijbeX0XaCFN7SFImoKfjiFEiRrRXjiCgKhPOJs69I0tTxiQA0VA==",
      "dev": true,
      "requires": {
        "tslib": "^2.3.0"
      }
    },
    "@swimlane/ng2-file-upload": {
      "version": "1.1.0",
      "resolved": "https://registry.npmjs.org/@swimlane/ng2-file-upload/-/ng2-file-upload-1.1.0.tgz",
      "integrity": "sha512-YjqMQJUZt82Eji07n/0peXIaUb+ameWCsvEUlJUAijG504HThqNPkVQF03qnA5GtPatWO0/D5APJIhIPIj/ESg==",
      "requires": {
        "tslib": "^2.0.0"
      }
    },
    "@types/faker": {
      "version": "4.1.12",
      "resolved": "https://registry.npmjs.org/@types/faker/-/faker-4.1.12.tgz",
      "integrity": "sha512-0MEyzJrLLs1WaOCx9ULK6FzdCSj2EuxdSP9kvuxxdBEGujZYUOZ4vkPXdgu3dhyg/pOdn7VCatelYX7k0YShlA==",
      "dev": true
    },
    "codemirror": {
      "version": "5.65.3",
      "resolved": "https://registry.npmjs.org/codemirror/-/codemirror-5.65.3.tgz",
      "integrity": "sha512-kCC0iwGZOVZXHEKW3NDTObvM7pTIyowjty4BUqeREROc/3I6bWbgZDA3fGDwlA+rbgRjvnRnfqs9SfXynel1AQ==",
      "dev": true
    },
    "core-js": {
      "version": "3.22.5",
      "resolved": "https://registry.npmjs.org/core-js/-/core-js-3.22.5.tgz",
      "integrity": "sha512-VP/xYuvJ0MJWRAobcmQ8F2H6Bsn+s7zqAAjFaHGBMc5AQm7zaelhD1LGduFn2EehEcQcU+br6t+fwbpQ5d1ZWA==",
      "dev": true
    },
    "faker": {
      "version": "5.5.3",
      "resolved": "https://registry.npmjs.org/faker/-/faker-5.5.3.tgz",
      "integrity": "sha512-wLTv2a28wjUyWkbnX7u/ABZBkUkIF2fCd73V6P2oFqEGEktDfzWx4UxrSqtPRw0xPRAcjeAOIiJWqZm3pP4u3g==",
      "dev": true
    },
    "moment": {
      "version": "2.29.3",
      "resolved": "https://registry.npmjs.org/moment/-/moment-2.29.3.tgz",
      "integrity": "sha512-c6YRvhEo//6T2Jz/vVtYzqBzwvPT95JBQ+smCytzf7c50oMZRsR/a4w88aD34I+/QVSfnoAnSBFPJHItlOMJVw==",
      "dev": true
    },
    "mousetrap": {
      "version": "1.6.5",
      "resolved": "https://registry.npmjs.org/mousetrap/-/mousetrap-1.6.5.tgz",
      "integrity": "sha512-QNo4kEepaIBwiT8CDhP98umTetp+JNfQYBWvC1pc6/OAibuXtRcxZ58Qz8skvEHYvURne/7R8T5VoOI7rDsEUA=="
    },
    "ngx-moment": {
      "version": "5.0.0",
      "resolved": "https://registry.npmjs.org/ngx-moment/-/ngx-moment-5.0.0.tgz",
      "integrity": "sha512-LPpGPo4ccdh8RWnDbJdLTLGGGcwbRYMbn/j4PXM24754J7MZ0tgnBM+ncaVbwefUSSEMme8yMkNIxFiVxgOOvQ==",
      "dev": true,
      "requires": {
        "tslib": "^2.0.0"
      }
    },
    "normalize.css": {
      "version": "5.0.0",
      "resolved": "https://registry.npmjs.org/normalize.css/-/normalize.css-5.0.0.tgz",
      "integrity": "sha1-fOyHXOgXilMzxN6Ato6pwYudfDc="
    },
    "parse5": {
      "version": "5.1.1",
      "resolved": "https://registry.npmjs.org/parse5/-/parse5-5.1.1.tgz",
      "integrity": "sha512-ugq4DFI0Ptb+WWjAdOK16+u/nHfiIrcE+sh8kZMaM0WllQKLI9rOUq6c2b7cwPkXdzfQESqvoqK6ug7U/Yyzug==",
      "dev": true,
      "optional": true
    },
    "resize-observer-polyfill": {
      "version": "1.5.1",
      "resolved": "https://registry.npmjs.org/resize-observer-polyfill/-/resize-observer-polyfill-1.5.1.tgz",
      "integrity": "sha512-LwZrotdHOo12nQuZlHEmtuXdqGoOD0OhaxopaNFxWzInpEgaLWoVuAMbTzixuosCx2nEG58ngzW3vxdWoxIgdg==",
      "dev": true
    },
    "rxjs": {
      "version": "6.6.7",
      "resolved": "https://registry.npmjs.org/rxjs/-/rxjs-6.6.7.tgz",
      "integrity": "sha512-hTdwr+7yYNIT5n4AMYp85KA6yw2Va0FLa3Rguvbpa4W3I5xynaBZo41cM3XM+4Q6fRMj3sBYIR1VAmZMXYJvRQ==",
      "dev": true,
      "requires": {
        "tslib": "^1.9.0"
      },
      "dependencies": {
        "tslib": {
          "version": "1.14.1",
          "resolved": "https://registry.npmjs.org/tslib/-/tslib-1.14.1.tgz",
          "integrity": "sha512-Xni35NKzjgMrwevysHTCArtLDpPvye8zV/0E4EyYn43P7/7qvQwPh9BGkHewbMulVntbigmcT7rdX3BNo9wRJg==",
          "dev": true
        }
      }
    },
    "tslib": {
      "version": "2.4.0",
      "resolved": "https://registry.npmjs.org/tslib/-/tslib-2.4.0.tgz",
      "integrity": "sha512-d6xOpEDfsi2CZVlPQzGeux8XMwLT9hssAsaPYExaQMuYskwb+x1x7J371tWlbBdWHroy99KnVB6qIkUbs5X3UQ=="
    },
    "zone.js": {
      "version": "0.11.5",
      "resolved": "https://registry.npmjs.org/zone.js/-/zone.js-0.11.5.tgz",
      "integrity": "sha512-D1/7VxEuQ7xk6z/kAROe4SUbd9CzxY4zOwVGnGHerd/SgLIVU5f4esDzQUsOCeArn933BZfWMKydH7l7dPEp0g==",
      "dev": true,
      "requires": {
        "tslib": "^2.3.0"
      }
    }
  }
}
