{
  "name": "@swimlane/ngx-ui",
  "version": "25.6.3",
  "lockfileVersion": 1,
  "requires": true,
  "dependencies": {
    "@angular/animations": {
      "version": "7.2.2",
      "resolved": "https://registry.npmjs.org/@angular/animations/-/animations-7.2.2.tgz",
      "integrity": "sha512-St03YR3N4Rv0vLr0+3V0kmf/QNi9q0tOenAlHP+jG/YySPkkv8P3xRcGVU38ID4JQzRiShUD+k2r+oZGCQMNjw==",
      "dev": true,
      "requires": {
        "tslib": "^1.9.0"
      }
    },
    "@angular/cdk": {
      "version": "7.2.2",
      "resolved": "https://registry.npmjs.org/@angular/cdk/-/cdk-7.2.2.tgz",
      "integrity": "sha512-DG4Ip9COZuQngG31gNFrJRtVPYC8H938dCHuqVjHrLEKfdsKzvprI/y0W+tr/sUnIbIJWEPSvnzmS3XYOgmFyg==",
      "dev": true,
      "requires": {
        "parse5": "^5.0.0",
        "tslib": "^1.7.1"
      }
    },
    "@angular/common": {
      "version": "7.2.2",
      "resolved": "https://registry.npmjs.org/@angular/common/-/common-7.2.2.tgz",
      "integrity": "sha512-43EcR3mbM+dKH4VE1EYS1HxSuEToxxv5XPktKqdzY95g8PBOxe11ifcXoYHgImd7YOWzcKoy0k6yQbX3o0cZ8g==",
      "dev": true,
      "requires": {
        "tslib": "^1.9.0"
      }
    },
    "@angular/compiler": {
      "version": "7.2.2",
      "resolved": "https://registry.npmjs.org/@angular/compiler/-/compiler-7.2.2.tgz",
      "integrity": "sha512-vjPreOVPca6HSuDmj7N1w5u8hwXdm98gEPo2wqQMVuJd6qvGEyLYE9FsHc0XCchyQEKSybAYl1dwsjZq2nNSvQ==",
      "dev": true,
      "requires": {
        "tslib": "^1.9.0"
      }
    },
    "@angular/core": {
      "version": "7.2.2",
      "resolved": "https://registry.npmjs.org/@angular/core/-/core-7.2.2.tgz",
      "integrity": "sha512-kQ0HxUYAPvly8b3aibTGbiodFnBBgo3asXAQuPgFjYYEqcKR1zZII7PQdaEF9kb9sfm/IKLKj4nd9fZ0gcgqZg==",
      "dev": true,
      "requires": {
        "tslib": "^1.9.0"
      }
    },
    "@angular/flex-layout": {
      "version": "7.0.0-beta.23",
      "resolved": "https://registry.npmjs.org/@angular/flex-layout/-/flex-layout-7.0.0-beta.23.tgz",
      "integrity": "sha512-jH2i3i/M7SbK6scVlj2urVL5OhzwavbQ7KwvUjyc/UwccKnnzuOuWEGCINLja/aoaUO3I35LluCLv6a6VN0olA==",
      "requires": {
        "tslib": "^1.7.1"
      }
    },
    "@angular/forms": {
      "version": "7.2.2",
      "resolved": "https://registry.npmjs.org/@angular/forms/-/forms-7.2.2.tgz",
      "integrity": "sha512-IsvVuUnzIA2ryRmh7l42AANPZFSyNcwqZNtxbmRq2wm3Lfed64U0rsRWWNqipjz7QTxZ2SRdAlP+XDgzg8hvMQ==",
      "dev": true,
      "requires": {
        "tslib": "^1.9.0"
      }
    },
    "@angular/platform-browser": {
      "version": "7.2.2",
      "resolved": "https://registry.npmjs.org/@angular/platform-browser/-/platform-browser-7.2.2.tgz",
      "integrity": "sha512-eiaqHq26PVASx1kTngBDkFkXhaJzEjoGtc5I+wQUef8CUjq6ZViWz8tUgiiDPOWdqUKUacRZG4q6VR/6uwQj0A==",
      "dev": true,
      "requires": {
        "tslib": "^1.9.0"
      }
    },
    "@angular/platform-browser-dynamic": {
      "version": "7.2.2",
      "resolved": "https://registry.npmjs.org/@angular/platform-browser-dynamic/-/platform-browser-dynamic-7.2.2.tgz",
      "integrity": "sha512-bw5PuzMzjKMecB4slG/btmvxgn4qFWhNmJVpf2pbtZW7NtZz3HlrqipYzMk9XrCUDGjtwy7O2Z71C3ujI748iw==",
      "dev": true,
      "requires": {
        "tslib": "^1.9.0"
      }
    },
    "@types/json-schema": {
      "version": "7.0.3",
      "resolved": "https://registry.npmjs.org/@types/json-schema/-/json-schema-7.0.3.tgz",
      "integrity": "sha512-Il2DtDVRGDcqjDtE+rF8iqg1CArehSK84HZJCT7AMITlyXRBpuPhqGLDQMowraqqu1coEaimg4ZOqggt6L6L+A==",
      "dev": true
    },
    "codemirror": {
      "version": "5.43.0",
      "resolved": "https://registry.npmjs.org/codemirror/-/codemirror-5.43.0.tgz",
      "integrity": "sha512-mljwQWUaWIf85I7QwTBryF2ASaIvmYAL4s5UCanCJFfKeXOKhrqdHWdHiZWAMNT+hjLTCnVx2S/SYTORIgxsgA==",
      "dev": true
    },
    "core-js": {
      "version": "2.6.3",
      "resolved": "https://registry.npmjs.org/core-js/-/core-js-2.6.3.tgz",
      "integrity": "sha512-l00tmFFZOBHtYhN4Cz7k32VM7vTn3rE2ANjQDxdEN6zmXZ/xq1jQuutnmHvMG1ZJ7xd72+TA5YpUK8wz3rWsfQ==",
      "dev": true
    },
    "moment": {
      "version": "2.24.0",
      "resolved": "https://registry.npmjs.org/moment/-/moment-2.24.0.tgz",
      "integrity": "sha512-bV7f+6l2QigeBBZSM/6yTNq4P2fNpSWj/0e7jQcy87A8e7o2nAfP/34/2ky5Vw4B9S446EtIhodAzkFCcR4dQg==",
      "dev": true
    },
    "mousetrap": {
      "version": "1.6.2",
      "resolved": "https://registry.npmjs.org/mousetrap/-/mousetrap-1.6.2.tgz",
      "integrity": "sha512-jDjhi7wlHwdO6q6DS7YRmSHcuI+RVxadBkLt3KHrhd3C2b+w5pKefg3oj5beTcHZyVFA9Aksf+yEE1y5jxUjVA=="
    },
    "ng2-file-upload": {
      "version": "1.3.0",
      "resolved": "https://registry.npmjs.org/ng2-file-upload/-/ng2-file-upload-1.3.0.tgz",
      "integrity": "sha512-Pudxik6LWYsT8hNiEW7RfjgGWAnvfQywxwJYMdt1snTUe+KnlRc/QqPv3QEQW6plXTanuLkYz/TbqilSfSHOsw=="
    },
    "ngx-moment": {
      "version": "3.3.0",
      "resolved": "https://registry.npmjs.org/ngx-moment/-/ngx-moment-3.3.0.tgz",
      "integrity": "sha512-6fpllpJqLfjRWboOhphgeEYt+rzIA9O29rG5QWCebRt2X0uNk4P93sLEb0S8lbDF0dEp2NOC3UOD+xoCVlJQhA==",
      "dev": true,
      "requires": {
        "tslib": "^1.9.0"
      }
    },
    "normalize.css": {
      "version": "5.0.0",
      "resolved": "https://registry.npmjs.org/normalize.css/-/normalize.css-5.0.0.tgz",
      "integrity": "sha1-fOyHXOgXilMzxN6Ato6pwYudfDc="
    },
    "parse5": {
      "version": "5.1.0",
      "resolved": "https://registry.npmjs.org/parse5/-/parse5-5.1.0.tgz",
      "integrity": "sha512-fxNG2sQjHvlVAYmzBZS9YlDp6PTSSDwa98vkD4QgVDDCAo84z5X1t5XyJQ62ImdLXx5NdIIfihey6xpum9/gRQ==",
      "dev": true,
      "optional": true
    },
    "rxjs": {
      "version": "6.3.3",
      "resolved": "https://registry.npmjs.org/rxjs/-/rxjs-6.3.3.tgz",
      "integrity": "sha512-JTWmoY9tWCs7zvIk/CvRjhjGaOd+OVBM987mxFo+OW66cGpdKjZcpmc74ES1sB//7Kl/PAe8+wEakuhG4pcgOw==",
      "dev": true,
      "requires": {
        "tslib": "^1.9.0"
      }
    },
    "tslib": {
      "version": "1.9.3",
      "resolved": "https://registry.npmjs.org/tslib/-/tslib-1.9.3.tgz",
      "integrity": "sha512-4krF8scpejhaOgqzBEcGM7yDIEfi0/8+8zDRZhNZZ2kjmHJ4hv3zCbQWxoJGz1iw5U0Jl0nma13xzHXcncMavQ=="
    },
    "zone.js": {
      "version": "0.8.29",
      "resolved": "https://registry.npmjs.org/zone.js/-/zone.js-0.8.29.tgz",
      "integrity": "sha512-mla2acNCMkWXBD+c+yeUrBUrzOxYMNFdQ6FGfigGGtEVBPJx07BQeJekjt9DmH1FtZek4E9rE1eRR9qQpxACOQ==",
      "dev": true
    }
  }
}
