{
  "name": "@swimlane/ngx-ui",
  "version": "25.10.0",
  "lockfileVersion": 1,
  "requires": true,
  "dependencies": {
    "@angular/animations": {
      "version": "8.0.0",
      "resolved": "https://registry.npmjs.org/@angular/animations/-/animations-8.0.0.tgz",
      "integrity": "sha512-hggSRi83rmocLwzrKZtmFcqPdivKSJqp2yiYaiNmJ2yQWJ1JW/Lurypv9H347RWxmwCCwC2kV8embTGbOXIFDQ==",
      "dev": true,
      "requires": {
        "tslib": "^1.9.0"
      }
    },
    "@angular/cdk": {
      "version": "8.0.0",
      "resolved": "https://registry.npmjs.org/@angular/cdk/-/cdk-8.0.0.tgz",
      "integrity": "sha512-2vsRWEHNARe0iRmqgzvM67gwfRy+aKvdef4Qu9L+ndSsTrrZT3tSgG8SMn1v9SfBHnx5G8mo4d1AMquXG69AuQ==",
      "dev": true,
      "requires": {
        "parse5": "^5.0.0",
        "tslib": "^1.7.1"
      }
    },
    "@angular/common": {
      "version": "8.0.0",
      "resolved": "https://registry.npmjs.org/@angular/common/-/common-8.0.0.tgz",
      "integrity": "sha512-iOAJZ0+1zTRHnHE/5G30+4Q66W1pfZkSkxZIXvgijZ+wtuNloYdWNy/IdZ/m7ayBI7A6FsYEhyMUoWz2HVEJNw==",
      "dev": true,
      "requires": {
        "tslib": "^1.9.0"
      }
    },
    "@angular/compiler": {
      "version": "8.0.0",
      "resolved": "https://registry.npmjs.org/@angular/compiler/-/compiler-8.0.0.tgz",
      "integrity": "sha512-4rKsVFMNykF83tPL1VE1+j9kZ3cWHUsLOAB/VqmF64EcR/GsbjKog2v23rSso5kqUtPiVq/FWGYllW6qMdxtJA==",
      "dev": true,
      "requires": {
        "tslib": "^1.9.0"
      }
    },
    "@angular/core": {
      "version": "8.0.0",
      "resolved": "https://registry.npmjs.org/@angular/core/-/core-8.0.0.tgz",
      "integrity": "sha512-mrkP1PTzqCmZGLYll+TDyawLXHzi+FcRPqSuRxCmDMthUUE93SLXT2yISDkx9aMPtFKgFr6KfrIkKuCz16BP/g==",
      "dev": true,
      "requires": {
        "tslib": "^1.9.0"
      }
    },
    "@angular/flex-layout": {
      "version": "8.0.0-beta.26",
      "resolved": "https://registry.npmjs.org/@angular/flex-layout/-/flex-layout-8.0.0-beta.26.tgz",
      "integrity": "sha512-lXDLlMSNQhidW0grvisIsj/3gqLuYyN2MvABuRYybnFTc233sXGZuOAaulqq663LA0/DP/GNcz6a+A4ZAAlmPA==",
      "requires": {
        "tslib": "^1.7.1"
      }
    },
    "@angular/forms": {
      "version": "8.0.0",
      "resolved": "https://registry.npmjs.org/@angular/forms/-/forms-8.0.0.tgz",
      "integrity": "sha512-T6XdG3mALWzvnrN3fA1hAmfwvraiF1SPMWNXgPk2riuMf8CFdoro+tQZ4eo1islHrTTw5QzmqN8JJALfhAG6bg==",
      "dev": true,
      "requires": {
        "tslib": "^1.9.0"
      }
    },
    "@angular/platform-browser": {
      "version": "8.0.0",
      "resolved": "https://registry.npmjs.org/@angular/platform-browser/-/platform-browser-8.0.0.tgz",
      "integrity": "sha512-fTD+pTMbq+On9Uv3VXiei2lfuX7GX31dngm/Y4yWTFeW6eXy0+7kkfflzpLOb0hykCZvcXzarqCuEBBYNLrrOg==",
      "dev": true,
      "requires": {
        "tslib": "^1.9.0"
      }
    },
    "@angular/platform-browser-dynamic": {
      "version": "8.0.0",
      "resolved": "https://registry.npmjs.org/@angular/platform-browser-dynamic/-/platform-browser-dynamic-8.0.0.tgz",
      "integrity": "sha512-dx7W7JoSFbsveexjZ/BPlsXbMDLWVLmRCo7IqLvibMrTbdpaaOCNJIXJk1X+f7JJrQ7SwlZaVkoLCMoDWw6fmA==",
      "dev": true,
      "requires": {
        "tslib": "^1.9.0"
      }
    },
    "@types/json-schema": {
      "version": "7.0.3",
      "resolved": "https://registry.npmjs.org/@types/json-schema/-/json-schema-7.0.3.tgz",
      "integrity": "sha512-Il2DtDVRGDcqjDtE+rF8iqg1CArehSK84HZJCT7AMITlyXRBpuPhqGLDQMowraqqu1coEaimg4ZOqggt6L6L+A==",
      "dev": true
    },
    "codemirror": {
      "version": "5.47.0",
      "resolved": "https://registry.npmjs.org/codemirror/-/codemirror-5.47.0.tgz",
      "integrity": "sha512-kV49Fr+NGFHFc/Imsx6g180hSlkGhuHxTSDDmDHOuyln0MQYFLixDY4+bFkBVeCEiepYfDimAF/e++9jPJk4QA==",
      "dev": true
    },
    "core-js": {
      "version": "2.6.9",
      "resolved": "https://registry.npmjs.org/core-js/-/core-js-2.6.9.tgz",
      "integrity": "sha512-HOpZf6eXmnl7la+cUdMnLvUxKNqLUzJvgIziQ0DiF3JwSImNphIqdGqzj6hIKyX04MmV0poclQ7+wjWvxQyR2A==",
      "dev": true
    },
    "moment": {
      "version": "2.24.0",
      "resolved": "https://registry.npmjs.org/moment/-/moment-2.24.0.tgz",
      "integrity": "sha512-bV7f+6l2QigeBBZSM/6yTNq4P2fNpSWj/0e7jQcy87A8e7o2nAfP/34/2ky5Vw4B9S446EtIhodAzkFCcR4dQg==",
      "dev": true
    },
    "mousetrap": {
      "version": "1.6.3",
      "resolved": "https://registry.npmjs.org/mousetrap/-/mousetrap-1.6.3.tgz",
      "integrity": "sha512-bd+nzwhhs9ifsUrC2tWaSgm24/oo2c83zaRyZQF06hYA6sANfsXHtnZ19AbbbDXCDzeH5nZBSQ4NvCjgD62tJA=="
    },
    "ng2-file-upload": {
      "version": "1.3.0",
      "resolved": "https://registry.npmjs.org/ng2-file-upload/-/ng2-file-upload-1.3.0.tgz",
      "integrity": "sha512-Pudxik6LWYsT8hNiEW7RfjgGWAnvfQywxwJYMdt1snTUe+KnlRc/QqPv3QEQW6plXTanuLkYz/TbqilSfSHOsw=="
    },
    "ngx-moment": {
      "version": "3.4.0",
      "resolved": "https://registry.npmjs.org/ngx-moment/-/ngx-moment-3.4.0.tgz",
      "integrity": "sha512-GEqzSsu12VsXXP35aerlQpuZ1ienEYQZxHmp+RH7EuJD7hWamKgLOpmbiDI9Ij3KLW/UApvonYzZvyRSv3ea/w==",
      "dev": true,
      "requires": {
        "tslib": "^1.9.0"
      }
    },
    "normalize.css": {
      "version": "5.0.0",
      "resolved": "https://registry.npmjs.org/normalize.css/-/normalize.css-5.0.0.tgz",
      "integrity": "sha1-fOyHXOgXilMzxN6Ato6pwYudfDc="
    },
    "parse5": {
      "version": "5.1.0",
      "resolved": "https://registry.npmjs.org/parse5/-/parse5-5.1.0.tgz",
      "integrity": "sha512-fxNG2sQjHvlVAYmzBZS9YlDp6PTSSDwa98vkD4QgVDDCAo84z5X1t5XyJQ62ImdLXx5NdIIfihey6xpum9/gRQ==",
      "dev": true,
      "optional": true
    },
    "rxjs": {
      "version": "6.5.2",
      "resolved": "https://registry.npmjs.org/rxjs/-/rxjs-6.5.2.tgz",
      "integrity": "sha512-HUb7j3kvb7p7eCUHE3FqjoDsC1xfZQ4AHFWfTKSpZ+sAhhz5X1WX0ZuUqWbzB2QhSLp3DoLUG+hMdEDKqWo2Zg==",
      "dev": true,
      "requires": {
        "tslib": "^1.9.0"
      }
    },
    "tslib": {
      "version": "1.9.3",
      "resolved": "https://registry.npmjs.org/tslib/-/tslib-1.9.3.tgz",
      "integrity": "sha512-4krF8scpejhaOgqzBEcGM7yDIEfi0/8+8zDRZhNZZ2kjmHJ4hv3zCbQWxoJGz1iw5U0Jl0nma13xzHXcncMavQ=="
    },
    "zone.js": {
      "version": "0.9.1",
      "resolved": "https://registry.npmjs.org/zone.js/-/zone.js-0.9.1.tgz",
      "integrity": "sha512-GkPiJL8jifSrKReKaTZ5jkhrMEgXbXYC+IPo1iquBjayRa0q86w3Dipjn8b415jpitMExe9lV8iTsv8tk3DGag==",
      "dev": true
    }
  }
}
